
Microsoft Visual Studio Solution File, Format Version 12.00
# Visual Studio Version 17
VisualStudioVersion = 17.12.35527.113 d17.12
MinimumVisualStudioVersion = 10.0.40219.1
Project("{FAE04EC0-301F-11D3-BF4B-00C04F79EFBC}") = "IfElseSwitchCase", "IfElseSwitchCase\IfElseSwitchCase.csproj", "{83412819-D682-4507-93BF-C0122F6EDFDD}"
EndProject
Project("{FAE04EC0-301F-11D3-BF4B-00C04F79EFBC}") = "IfElse", "IfElse\IfElse.csproj", "{83CC0759-FA01-45EB-861A-A307299F20F3}"
EndProject
Global
	GlobalSection(SolutionConfigurationPlatforms) = preSolution
		Debug|Any CPU = Debug|Any CPU
		Release|Any CPU = Release|Any CPU
	EndGlobalSection
	GlobalSection(ProjectConfigurationPlatforms) = postSolution
		{83412819-D682-4507-93BF-C0122F6EDFDD}.Debug|Any CPU.ActiveCfg = Debug|Any CPU
		{83412819-D682-4507-93BF-C0122F6EDFDD}.Debug|Any CPU.Build.0 = Debug|Any CPU
		{83412819-D682-4507-93BF-C0122F6EDFDD}.Release|Any CPU.ActiveCfg = Release|Any CPU
		{83412819-D682-4507-93BF-C0122F6EDFDD}.Release|Any CPU.Build.0 = Release|Any CPU
		{83CC0759-FA01-45EB-861A-A307299F20F3}.Debug|Any CPU.ActiveCfg = Debug|Any CPU
		{83CC0759-FA01-45EB-861A-A307299F20F3}.Debug|Any CPU.Build.0 = Debug|Any CPU
		{83CC0759-FA01-45EB-861A-A307299F20F3}.Release|Any CPU.ActiveCfg = Release|Any CPU
		{83CC0759-FA01-45EB-861A-A307299F20F3}.Release|Any CPU.Build.0 = Release|Any CPU
	EndGlobalSection
	GlobalSection(SolutionProperties) = preSolution
		HideSolutionNode = FALSE
	EndGlobalSection
EndGlobal
